
Microsoft Visual Studio Solution File, Format Version 12.00
# Visual Studio Version 16
VisualStudioVersion = 16.0.30804.86
MinimumVisualStudioVersion = 10.0.40219.1
Project("{FAE04EC0-301F-11D3-BF4B-00C04F79EFBC}") = "Millionaire", "Millionaire.csproj", "{AE5385D3-BBC4-48EF-847F-55DCA60568AD}"
EndProject
Global
	GlobalSection(SolutionConfigurationPlatforms) = preSolution
		Debug|Any CPU = Debug|Any CPU
		Release|Any CPU = Release|Any CPU
	EndGlobalSection
	GlobalSection(ProjectConfigurationPlatforms) = postSolution
		{AE5385D3-BBC4-48EF-847F-55DCA60568AD}.Debug|Any CPU.ActiveCfg = Debug|Any CPU
		{AE5385D3-BBC4-48EF-847F-55DCA60568AD}.Debug|Any CPU.Build.0 = Debug|Any CPU
		{AE5385D3-BBC4-48EF-847F-55DCA60568AD}.Release|Any CPU.ActiveCfg = Release|Any CPU
		{AE5385D3-BBC4-48EF-847F-55DCA60568AD}.Release|Any CPU.Build.0 = Release|Any CPU
	EndGlobalSection
	GlobalSection(SolutionProperties) = preSolution
		HideSolutionNode = FALSE
	EndGlobalSection
	GlobalSection(ExtensibilityGlobals) = postSolution
		SolutionGuid = {F69C0279-D351-4C46-B9B4-88BFEBBC4F24}
	EndGlobalSection
EndGlobal
